// !$*UTF8*$!
{
	archiveVersion = 1;
	classes = {
	};
	objectVersion = 50;
	objects = {

/* Begin PBXBuildFile section */
		C77563E521A77EBD00FACC47 /* AppDelegate.swift in Sources */ = {isa = PBXBuildFile; fileRef = C77563E421A77EBD00FACC47 /* AppDelegate.swift */; };
		C77563E721A77EBD00FACC47 /* ViewController.swift in Sources */ = {isa = PBXBuildFile; fileRef = C77563E621A77EBD00FACC47 /* ViewController.swift */; };
		C77563EA21A77EBD00FACC47 /* Main.storyboard in Resources */ = {isa = PBXBuildFile; fileRef = C77563E821A77EBD00FACC47 /* Main.storyboard */; };
		C77563EC21A77EBD00FACC47 /* Assets.xcassets in Resources */ = {isa = PBXBuildFile; fileRef = C77563EB21A77EBD00FACC47 /* Assets.xcassets */; };
		C77563EF21A77EBD00FACC47 /* LaunchScreen.storyboard in Resources */ = {isa = PBXBuildFile; fileRef = C77563ED21A77EBD00FACC47 /* LaunchScreen.storyboard */; };
		C77563FA21A77EBD00FACC47 /* TinderTests.swift in Sources */ = {isa = PBXBuildFile; fileRef = C77563F921A77EBD00FACC47 /* TinderTests.swift */; };
		C775640521A77EBD00FACC47 /* TinderUITests.swift in Sources */ = {isa = PBXBuildFile; fileRef = C775640421A77EBD00FACC47 /* TinderUITests.swift */; };
/* End PBXBuildFile section */

/* Begin PBXContainerItemProxy section */
		C77563F621A77EBD00FACC47 /* PBXContainerItemProxy */ = {
			isa = PBXContainerItemProxy;
			containerPortal = C77563D921A77EBD00FACC47 /* Project object */;
			proxyType = 1;
			remoteGlobalIDString = C77563E021A77EBD00FACC47;
			remoteInfo = Tinder;
		};
		C775640121A77EBD00FACC47 /* PBXContainerItemProxy */ = {
			isa = PBXContainerItemProxy;
			containerPortal = C77563D921A77EBD00FACC47 /* Project object */;
			proxyType = 1;
			remoteGlobalIDString = C77563E021A77EBD00FACC47;
			remoteInfo = Tinder;
		};
/* End PBXContainerItemProxy section */

/* Begin PBXFileReference section */
		C77563E121A77EBD00FACC47 /* Tinder.app */ = {isa = PBXFileReference; explicitFileType = wrapper.application; includeInIndex = 0; path = Tinder.app; sourceTree = BUILT_PRODUCTS_DIR; };
		C77563E421A77EBD00FACC47 /* AppDelegate.swift */ = {isa = PBXFileReference; lastKnownFileType = sourcecode.swift; path = AppDelegate.swift; sourceTree = "<group>"; };
		C77563E621A77EBD00FACC47 /* ViewController.swift */ = {isa = PBXFileReference; lastKnownFileType = sourcecode.swift; path = ViewController.swift; sourceTree = "<group>"; };
		C77563E921A77EBD00FACC47 /* Base */ = {isa = PBXFileReference; lastKnownFileType = file.storyboard; name = Base; path = Base.lproj/Main.storyboard; sourceTree = "<group>"; };
		C77563EB21A77EBD00FACC47 /* Assets.xcassets */ = {isa = PBXFileReference; lastKnownFileType = folder.assetcatalog; path = Assets.xcassets; sourceTree = "<group>"; };
		C77563EE21A77EBD00FACC47 /* Base */ = {isa = PBXFileReference; lastKnownFileType = file.storyboard; name = Base; path = Base.lproj/LaunchScreen.storyboard; sourceTree = "<group>"; };
		C77563F021A77EBD00FACC47 /* Info.plist */ = {isa = PBXFileReference; lastKnownFileType = text.plist.xml; path = Info.plist; sourceTree = "<group>"; };
		C77563F521A77EBD00FACC47 /* TinderTests.xctest */ = {isa = PBXFileReference; explicitFileType = wrapper.cfbundle; includeInIndex = 0; path = TinderTests.xctest; sourceTree = BUILT_PRODUCTS_DIR; };
		C77563F921A77EBD00FACC47 /* TinderTests.swift */ = {isa = PBXFileReference; lastKnownFileType = sourcecode.swift; path = TinderTests.swift; sourceTree = "<group>"; };
		C77563FB21A77EBD00FACC47 /* Info.plist */ = {isa = PBXFileReference; lastKnownFileType = text.plist.xml; path = Info.plist; sourceTree = "<group>"; };
		C775640021A77EBD00FACC47 /* TinderUITests.xctest */ = {isa = PBXFileReference; explicitFileType = wrapper.cfbundle; includeInIndex = 0; path = TinderUITests.xctest; sourceTree = BUILT_PRODUCTS_DIR; };
		C775640421A77EBD00FACC47 /* TinderUITests.swift */ = {isa = PBXFileReference; lastKnownFileType = sourcecode.swift; path = TinderUITests.swift; sourceTree = "<group>"; };
		C775640621A77EBD00FACC47 /* Info.plist */ = {isa = PBXFileReference; lastKnownFileType = text.plist.xml; path = Info.plist; sourceTree = "<group>"; };
/* End PBXFileReference section */

/* Begin PBXFrameworksBuildPhase section */
		C77563DE21A77EBD00FACC47 /* Frameworks */ = {
			isa = PBXFrameworksBuildPhase;
			buildActionMask = 2147483647;
			files = (
			);
			runOnlyForDeploymentPostprocessing = 0;
		};
		C77563F221A77EBD00FACC47 /* Frameworks */ = {
			isa = PBXFrameworksBuildPhase;
			buildActionMask = 2147483647;
			files = (
			);
			runOnlyForDeploymentPostprocessing = 0;
		};
		C77563FD21A77EBD00FACC47 /* Frameworks */ = {
			isa = PBXFrameworksBuildPhase;
			buildActionMask = 2147483647;
			files = (
			);
			runOnlyForDeploymentPostprocessing = 0;
		};
/* End PBXFrameworksBuildPhase section */

/* Begin PBXGroup section */
		C77563D821A77EBD00FACC47 = {
			isa = PBXGroup;
			children = (
				C77563E321A77EBD00FACC47 /* Tinder */,
				C77563F821A77EBD00FACC47 /* TinderTests */,
				C775640321A77EBD00FACC47 /* TinderUITests */,
				C77563E221A77EBD00FACC47 /* Products */,
			);
			sourceTree = "<group>";
		};
		C77563E221A77EBD00FACC47 /* Products */ = {
			isa = PBXGroup;
			children = (
				C77563E121A77EBD00FACC47 /* Tinder.app */,
				C77563F521A77EBD00FACC47 /* TinderTests.xctest */,
				C775640021A77EBD00FACC47 /* TinderUITests.xctest */,
			);
			name = Products;
			sourceTree = "<group>";
		};
		C77563E321A77EBD00FACC47 /* Tinder */ = {
			isa = PBXGroup;
			children = (
				C77563E421A77EBD00FACC47 /* AppDelegate.swift */,
				C77563E621A77EBD00FACC47 /* ViewController.swift */,
				C77563E821A77EBD00FACC47 /* Main.storyboard */,
				C77563EB21A77EBD00FACC47 /* Assets.xcassets */,
				C77563ED21A77EBD00FACC47 /* LaunchScreen.storyboard */,
				C77563F021A77EBD00FACC47 /* Info.plist */,
			);
			path = Tinder;
			sourceTree = "<group>";
		};
		C77563F821A77EBD00FACC47 /* TinderTests */ = {
			isa = PBXGroup;
			children = (
				C77563F921A77EBD00FACC47 /* TinderTests.swift */,
				C77563FB21A77EBD00FACC47 /* Info.plist */,
			);
			path = TinderTests;
			sourceTree = "<group>";
		};
		C775640321A77EBD00FACC47 /* TinderUITests */ = {
			isa = PBXGroup;
			children = (
				C775640421A77EBD00FACC47 /* TinderUITests.swift */,
				C775640621A77EBD00FACC47 /* Info.plist */,
			);
			path = TinderUITests;
			sourceTree = "<group>";
		};
/* End PBXGroup section */

/* Begin PBXNativeTarget section */
		C77563E021A77EBD00FACC47 /* Tinder */ = {
			isa = PBXNativeTarget;
			buildConfigurationList = C775640921A77EBD00FACC47 /* Build configuration list for PBXNativeTarget "Tinder" */;
			buildPhases = (
				C77563DD21A77EBD00FACC47 /* Sources */,
				C77563DE21A77EBD00FACC47 /* Frameworks */,
				C77563DF21A77EBD00FACC47 /* Resources */,
			);
			buildRules = (
			);
			dependencies = (
			);
			name = Tinder;
			productName = Tinder;
			productReference = C77563E121A77EBD00FACC47 /* Tinder.app */;
			productType = "com.apple.product-type.application";
		};
		C77563F421A77EBD00FACC47 /* TinderTests */ = {
			isa = PBXNativeTarget;
			buildConfigurationList = C775640C21A77EBD00FACC47 /* Build configuration list for PBXNativeTarget "TinderTests" */;
			buildPhases = (
				C77563F121A77EBD00FACC47 /* Sources */,
				C77563F221A77EBD00FACC47 /* Frameworks */,
				C77563F321A77EBD00FACC47 /* Resources */,
			);
			buildRules = (
			);
			dependencies = (
				C77563F721A77EBD00FACC47 /* PBXTargetDependency */,
			);
			name = TinderTests;
			productName = TinderTests;
			productReference = C77563F521A77EBD00FACC47 /* TinderTests.xctest */;
			productType = "com.apple.product-type.bundle.unit-test";
		};
		C77563FF21A77EBD00FACC47 /* TinderUITests */ = {
			isa = PBXNativeTarget;
			buildConfigurationList = C775640F21A77EBD00FACC47 /* Build configuration list for PBXNativeTarget "TinderUITests" */;
			buildPhases = (
				C77563FC21A77EBD00FACC47 /* Sources */,
				C77563FD21A77EBD00FACC47 /* Frameworks */,
				C77563FE21A77EBD00FACC47 /* Resources */,
			);
			buildRules = (
			);
			dependencies = (
				C775640221A77EBD00FACC47 /* PBXTargetDependency */,
			);
			name = TinderUITests;
			productName = TinderUITests;
			productReference = C775640021A77EBD00FACC47 /* TinderUITests.xctest */;
			productType = "com.apple.product-type.bundle.ui-testing";
		};
/* End PBXNativeTarget section */

/* Begin PBXProject section */
		C77563D921A77EBD00FACC47 /* Project object */ = {
			isa = PBXProject;
			attributes = {
				LastSwiftUpdateCheck = 1010;
				LastUpgradeCheck = 1010;
				ORGANIZATIONNAME = "Felipe De La Torre";
				TargetAttributes = {
					C77563E021A77EBD00FACC47 = {
						CreatedOnToolsVersion = 10.1;
					};
					C77563F421A77EBD00FACC47 = {
						CreatedOnToolsVersion = 10.1;
						TestTargetID = C77563E021A77EBD00FACC47;
					};
					C77563FF21A77EBD00FACC47 = {
						CreatedOnToolsVersion = 10.1;
						TestTargetID = C77563E021A77EBD00FACC47;
					};
				};
			};
			buildConfigurationList = C77563DC21A77EBD00FACC47 /* Build configuration list for PBXProject "Tinder" */;
			compatibilityVersion = "Xcode 9.3";
			developmentRegion = en;
			hasScannedForEncodings = 0;
			knownRegions = (
				en,
				Base,
			);
			mainGroup = C77563D821A77EBD00FACC47;
			productRefGroup = C77563E221A77EBD00FACC47 /* Products */;
			projectDirPath = "";
			projectRoot = "";
			targets = (
				C77563E021A77EBD00FACC47 /* Tinder */,
				C77563F421A77EBD00FACC47 /* TinderTests */,
				C77563FF21A77EBD00FACC47 /* TinderUITests */,
			);
		};
/* End PBXProject section */

/* Begin PBXResourcesBuildPhase section */
		C77563DF21A77EBD00FACC47 /* Resources */ = {
			isa = PBXResourcesBuildPhase;
			buildActionMask = 2147483647;
			files = (
				C77563EF21A77EBD00FACC47 /* LaunchScreen.storyboard in Resources */,
				C77563EC21A77EBD00FACC47 /* Assets.xcassets in Resources */,
				C77563EA21A77EBD00FACC47 /* Main.storyboard in Resources */,
			);
			runOnlyForDeploymentPostprocessing = 0;
		};
		C77563F321A77EBD00FACC47 /* Resources */ = {
			isa = PBXResourcesBuildPhase;
			buildActionMask = 2147483647;
			files = (
			);
			runOnlyForDeploymentPostprocessing = 0;
		};
		C77563FE21A77EBD00FACC47 /* Resources */ = {
			isa = PBXResourcesBuildPhase;
			buildActionMask = 2147483647;
			files = (
			);
			runOnlyForDeploymentPostprocessing = 0;
		};
/* End PBXResourcesBuildPhase section */

/* Begin PBXSourcesBuildPhase section */
		C77563DD21A77EBD00FACC47 /* Sources */ = {
			isa = PBXSourcesBuildPhase;
			buildActionMask = 2147483647;
			files = (
				C77563E721A77EBD00FACC47 /* ViewController.swift in Sources */,
				C77563E521A77EBD00FACC47 /* AppDelegate.swift in Sources */,
			);
			runOnlyForDeploymentPostprocessing = 0;
		};
		C77563F121A77EBD00FACC47 /* Sources */ = {
			isa = PBXSourcesBuildPhase;
			buildActionMask = 2147483647;
			files = (
				C77563FA21A77EBD00FACC47 /* TinderTests.swift in Sources */,
			);
			runOnlyForDeploymentPostprocessing = 0;
		};
		C77563FC21A77EBD00FACC47 /* Sources */ = {
			isa = PBXSourcesBuildPhase;
			buildActionMask = 2147483647;
			files = (
				C775640521A77EBD00FACC47 /* TinderUITests.swift in Sources */,
			);
			runOnlyForDeploymentPostprocessing = 0;
		};
/* End PBXSourcesBuildPhase section */

/* Begin PBXTargetDependency section */
		C77563F721A77EBD00FACC47 /* PBXTargetDependency */ = {
			isa = PBXTargetDependency;
			target = C77563E021A77EBD00FACC47 /* Tinder */;
			targetProxy = C77563F621A77EBD00FACC47 /* PBXContainerItemProxy */;
		};
		C775640221A77EBD00FACC47 /* PBXTargetDependency */ = {
			isa = PBXTargetDependency;
			target = C77563E021A77EBD00FACC47 /* Tinder */;
			targetProxy = C775640121A77EBD00FACC47 /* PBXContainerItemProxy */;
		};
/* End PBXTargetDependency section */

/* Begin PBXVariantGroup section */
		C77563E821A77EBD00FACC47 /* Main.storyboard */ = {
			isa = PBXVariantGroup;
			children = (
				C77563E921A77EBD00FACC47 /* Base */,
			);
			name = Main.storyboard;
			sourceTree = "<group>";
		};
		C77563ED21A77EBD00FACC47 /* LaunchScreen.storyboard */ = {
			isa = PBXVariantGroup;
			children = (
				C77563EE21A77EBD00FACC47 /* Base */,
			);
			name = LaunchScreen.storyboard;
			sourceTree = "<group>";
		};
/* End PBXVariantGroup section */

/* Begin XCBuildConfiguration section */
		C775640721A77EBD00FACC47 /* Debug */ = {
			isa = XCBuildConfiguration;
			buildSettings = {
				ALWAYS_SEARCH_USER_PATHS = NO;
				CLANG_ANALYZER_NONNULL = YES;
				CLANG_ANALYZER_NUMBER_OBJECT_CONVERSION = YES_AGGRESSIVE;
				CLANG_CXX_LANGUAGE_STANDARD = "gnu++14";
				CLANG_CXX_LIBRARY = "libc++";
				CLANG_ENABLE_MODULES = YES;
				CLANG_ENABLE_OBJC_ARC = YES;
				CLANG_ENABLE_OBJC_WEAK = YES;
				CLANG_WARN_BLOCK_CAPTURE_AUTORELEASING = YES;
				CLANG_WARN_BOOL_CONVERSION = YES;
				CLANG_WARN_COMMA = YES;
				CLANG_WARN_CONSTANT_CONVERSION = YES;
				CLANG_WARN_DEPRECATED_OBJC_IMPLEMENTATIONS = YES;
				CLANG_WARN_DIRECT_OBJC_ISA_USAGE = YES_ERROR;
				CLANG_WARN_DOCUMENTATION_COMMENTS = YES;
				CLANG_WARN_EMPTY_BODY = YES;
				CLANG_WARN_ENUM_CONVERSION = YES;
				CLANG_WARN_INFINITE_RECURSION = YES;
				CLANG_WARN_INT_CONVERSION = YES;
				CLANG_WARN_NON_LITERAL_NULL_CONVERSION = YES;
				CLANG_WARN_OBJC_IMPLICIT_RETAIN_SELF = YES;
				CLANG_WARN_OBJC_LITERAL_CONVERSION = YES;
				CLANG_WARN_OBJC_ROOT_CLASS = YES_ERROR;
				CLANG_WARN_RANGE_LOOP_ANALYSIS = YES;
				CLANG_WARN_STRICT_PROTOTYPES = YES;
				CLANG_WARN_SUSPICIOUS_MOVE = YES;
				CLANG_WARN_UNGUARDED_AVAILABILITY = YES_AGGRESSIVE;
				CLANG_WARN_UNREACHABLE_CODE = YES;
				CLANG_WARN__DUPLICATE_METHOD_MATCH = YES;
				CODE_SIGN_IDENTITY = "iPhone Developer";
				COPY_PHASE_STRIP = NO;
				DEBUG_INFORMATION_FORMAT = dwarf;
				ENABLE_STRICT_OBJC_MSGSEND = YES;
				ENABLE_TESTABILITY = YES;
				GCC_C_LANGUAGE_STANDARD = gnu11;
				GCC_DYNAMIC_NO_PIC = NO;
				GCC_NO_COMMON_BLOCKS = YES;
				GCC_OPTIMIZATION_LEVEL = 0;
				GCC_PREPROCESSOR_DEFINITIONS = (
					"DEBUG=1",
					"$(inherited)",
				);
				GCC_WARN_64_TO_32_BIT_CONVERSION = YES;
				GCC_WARN_ABOUT_RETURN_TYPE = YES_ERROR;
				GCC_WARN_UNDECLARED_SELECTOR = YES;
				GCC_WARN_UNINITIALIZED_AUTOS = YES_AGGRESSIVE;
				GCC_WARN_UNUSED_FUNCTION = YES;
				GCC_WARN_UNUSED_VARIABLE = YES;
				IPHONEOS_DEPLOYMENT_TARGET = 12.1;
				MTL_ENABLE_DEBUG_INFO = INCLUDE_SOURCE;
				MTL_FAST_MATH = YES;
				ONLY_ACTIVE_ARCH = YES;
				SDKROOT = iphoneos;
				SWIFT_ACTIVE_COMPILATION_CONDITIONS = DEBUG;
				SWIFT_OPTIMIZATION_LEVEL = "-Onone";
			};
			name = Debug;
		};
		C775640821A77EBD00FACC47 /* Release */ = {
			isa = XCBuildConfiguration;
			buildSettings = {
				ALWAYS_SEARCH_USER_PATHS = NO;
				CLANG_ANALYZER_NONNULL = YES;
				CLANG_ANALYZER_NUMBER_OBJECT_CONVERSION = YES_AGGRESSIVE;
				CLANG_CXX_LANGUAGE_STANDARD = "gnu++14";
				CLANG_CXX_LIBRARY = "libc++";
				CLANG_ENABLE_MODULES = YES;
				CLANG_ENABLE_OBJC_ARC = YES;
				CLANG_ENABLE_OBJC_WEAK = YES;
				CLANG_WARN_BLOCK_CAPTURE_AUTORELEASING = YES;
				CLANG_WARN_BOOL_CONVERSION = YES;
				CLANG_WARN_COMMA = YES;
				CLANG_WARN_CONSTANT_CONVERSION = YES;
				CLANG_WARN_DEPRECATED_OBJC_IMPLEMENTATIONS = YES;
				CLANG_WARN_DIRECT_OBJC_ISA_USAGE = YES_ERROR;
				CLANG_WARN_DOCUMENTATION_COMMENTS = YES;
				CLANG_WARN_EMPTY_BODY = YES;
				CLANG_WARN_ENUM_CONVERSION = YES;
				CLANG_WARN_INFINITE_RECURSION = YES;
				CLANG_WARN_INT_CONVERSION = YES;
				CLANG_WARN_NON_LITERAL_NULL_CONVERSION = YES;
				CLANG_WARN_OBJC_IMPLICIT_RETAIN_SELF = YES;
				CLANG_WARN_OBJC_LITERAL_CONVERSION = YES;
				CLANG_WARN_OBJC_ROOT_CLASS = YES_ERROR;
				CLANG_WARN_RANGE_LOOP_ANALYSIS = YES;
				CLANG_WARN_STRICT_PROTOTYPES = YES;
				CLANG_WARN_SUSPICIOUS_MOVE = YES;
				CLANG_WARN_UNGUARDED_AVAILABILITY = YES_AGGRESSIVE;
				CLANG_WARN_UNREACHABLE_CODE = YES;
				CLANG_WARN__DUPLICATE_METHOD_MATCH = YES;
				CODE_SIGN_IDENTITY = "iPhone Developer";
				COPY_PHASE_STRIP = NO;
				DEBUG_INFORMATION_FORMAT = "dwarf-with-dsym";
				ENABLE_NS_ASSERTIONS = NO;
				ENABLE_STRICT_OBJC_MSGSEND = YES;
				GCC_C_LANGUAGE_STANDARD = gnu11;
				GCC_NO_COMMON_BLOCKS = YES;
				GCC_WARN_64_TO_32_BIT_CONVERSION = YES;
				GCC_WARN_ABOUT_RETURN_TYPE = YES_ERROR;
				GCC_WARN_UNDECLARED_SELECTOR = YES;
				GCC_WARN_UNINITIALIZED_AUTOS = YES_AGGRESSIVE;
				GCC_WARN_UNUSED_FUNCTION = YES;
				GCC_WARN_UNUSED_VARIABLE = YES;
				IPHONEOS_DEPLOYMENT_TARGET = 12.1;
				MTL_ENABLE_DEBUG_INFO = NO;
				MTL_FAST_MATH = YES;
				SDKROOT = iphoneos;
				SWIFT_COMPILATION_MODE = wholemodule;
				SWIFT_OPTIMIZATION_LEVEL = "-O";
				VALIDATE_PRODUCT = YES;
			};
			name = Release;
		};
		C775640A21A77EBD00FACC47 /* Debug */ = {
			isa = XCBuildConfiguration;
			buildSettings = {
				ASSETCATALOG_COMPILER_APPICON_NAME = AppIcon;
				CODE_SIGN_STYLE = Automatic;
				INFOPLIST_FILE = Tinder/Info.plist;
				LD_RUNPATH_SEARCH_PATHS = (
					"$(inherited)",
					"@executable_path/Frameworks",
				);
				PRODUCT_BUNDLE_IDENTIFIER = com.codepath.Tinder;
				PRODUCT_NAME = "$(TARGET_NAME)";
				SWIFT_VERSION = 4.2;
				TARGETED_DEVICE_FAMILY = "1,2";
			};
			name = Debug;
		};
		C775640B21A77EBD00FACC47 /* Release */ = {
			isa = XCBuildConfiguration;
			buildSettings = {
				ASSETCATALOG_COMPILER_APPICON_NAME = AppIcon;
				CODE_SIGN_STYLE = Automatic;
				INFOPLIST_FILE = Tinder/Info.plist;
				LD_RUNPATH_SEARCH_PATHS = (
					"$(inherited)",
					"@executable_path/Frameworks",
				);
				PRODUCT_BUNDLE_IDENTIFIER = com.codepath.Tinder;
				PRODUCT_NAME = "$(TARGET_NAME)";
				SWIFT_VERSION = 4.2;
				TARGETED_DEVICE_FAMILY = "1,2";
			};
			name = Release;
		};
		C775640D21A77EBD00FACC47 /* Debug */ = {
			isa = XCBuildConfiguration;
			buildSettings = {
				ALWAYS_EMBED_SWIFT_STANDARD_LIBRARIES = YES;
				BUNDLE_LOADER = "$(TEST_HOST)";
				CODE_SIGN_STYLE = Automatic;
				INFOPLIST_FILE = TinderTests/Info.plist;
				LD_RUNPATH_SEARCH_PATHS = (
					"$(inherited)",
					"@executable_path/Frameworks",
					"@loader_path/Frameworks",
				);
				PRODUCT_BUNDLE_IDENTIFIER = com.codepath.TinderTests;
				PRODUCT_NAME = "$(TARGET_NAME)";
				SWIFT_VERSION = 4.2;
				TARGETED_DEVICE_FAMILY = "1,2";
				TEST_HOST = "$(BUILT_PRODUCTS_DIR)/Tinder.app/Tinder";
			};
			name = Debug;
		};
		C775640E21A77EBD00FACC47 /* Release */ = {
			isa = XCBuildConfiguration;
			buildSettings = {
				ALWAYS_EMBED_SWIFT_STANDARD_LIBRARIES = YES;
				BUNDLE_LOADER = "$(TEST_HOST)";
				CODE_SIGN_STYLE = Automatic;
				INFOPLIST_FILE = TinderTests/Info.plist;
				LD_RUNPATH_SEARCH_PATHS = (
					"$(inherited)",
					"@executable_path/Frameworks",
					"@loader_path/Frameworks",
				);
				PRODUCT_BUNDLE_IDENTIFIER = com.codepath.TinderTests;
				PRODUCT_NAME = "$(TARGET_NAME)";
				SWIFT_VERSION = 4.2;
				TARGETED_DEVICE_FAMILY = "1,2";
				TEST_HOST = "$(BUILT_PRODUCTS_DIR)/Tinder.app/Tinder";
			};
			name = Release;
		};
		C775641021A77EBD00FACC47 /* Debug */ = {
			isa = XCBuildConfiguration;
			buildSettings = {
				ALWAYS_EMBED_SWIFT_STANDARD_LIBRARIES = YES;
				CODE_SIGN_STYLE = Automatic;
				INFOPLIST_FILE = TinderUITests/Info.plist;
				LD_RUNPATH_SEARCH_PATHS = (
					"$(inherited)",
					"@executable_path/Frameworks",
					"@loader_path/Frameworks",
				);
				PRODUCT_BUNDLE_IDENTIFIER = com.codepath.TinderUITests;
				PRODUCT_NAME = "$(TARGET_NAME)";
				SWIFT_VERSION = 4.2;
				TARGETED_DEVICE_FAMILY = "1,2";
				TEST_TARGET_NAME = Tinder;
			};
			name = Debug;
		};
		C775641121A77EBD00FACC47 /* Release */ = {
			isa = XCBuildConfiguration;
			buildSettings = {
				ALWAYS_EMBED_SWIFT_STANDARD_LIBRARIES = YES;
				CODE_SIGN_STYLE = Automatic;
				INFOPLIST_FILE = TinderUITests/Info.plist;
				LD_RUNPATH_SEARCH_PATHS = (
					"$(inherited)",
					"@executable_path/Frameworks",
					"@loader_path/Frameworks",
				);
				PRODUCT_BUNDLE_IDENTIFIER = com.codepath.TinderUITests;
				PRODUCT_NAME = "$(TARGET_NAME)";
				SWIFT_VERSION = 4.2;
				TARGETED_DEVICE_FAMILY = "1,2";
				TEST_TARGET_NAME = Tinder;
			};
			name = Release;
		};
/* End XCBuildConfiguration section */

/* Begin XCConfigurationList section */
		C77563DC21A77EBD00FACC47 /* Build configuration list for PBXProject "Tinder" */ = {
			isa = XCConfigurationList;
			buildConfigurations = (
				C775640721A77EBD00FACC47 /* Debug */,
				C775640821A77EBD00FACC47 /* Release */,
			);
			defaultConfigurationIsVisible = 0;
			defaultConfigurationName = Release;
		};
		C775640921A77EBD00FACC47 /* Build configuration list for PBXNativeTarget "Tinder" */ = {
			isa = XCConfigurationList;
			buildConfigurations = (
				C775640A21A77EBD00FACC47 /* Debug */,
				C775640B21A77EBD00FACC47 /* Release */,
			);
			defaultConfigurationIsVisible = 0;
			defaultConfigurationName = Release;
		};
		C775640C21A77EBD00FACC47 /* Build configuration list for PBXNativeTarget "TinderTests" */ = {
			isa = XCConfigurationList;
			buildConfigurations = (
				C775640D21A77EBD00FACC47 /* Debug */,
				C775640E21A77EBD00FACC47 /* Release */,
			);
			defaultConfigurationIsVisible = 0;
			defaultConfigurationName = Release;
		};
		C775640F21A77EBD00FACC47 /* Build configuration list for PBXNativeTarget "TinderUITests" */ = {
			isa = XCConfigurationList;
			buildConfigurations = (
				C775641021A77EBD00FACC47 /* Debug */,
				C775641121A77EBD00FACC47 /* Release */,
			);
			defaultConfigurationIsVisible = 0;
			defaultConfigurationName = Release;
		};
/* End XCConfigurationList section */
	};
	rootObject = C77563D921A77EBD00FACC47 /* Project object */;
}
